
Microsoft Visual Studio Solution File, Format Version 12.00
# Visual Studio Version 16
VisualStudioVersion = 16.0.30711.63
MinimumVisualStudioVersion = 10.0.40219.1
Project("{FAE04EC0-301F-11D3-BF4B-00C04F79EFBC}") = "WebApplication", "WebApplication\WebApplication.csproj", "{A29FA4FD-EBD0-4AC1-B96B-E00DD216C74D}"
EndProject
Global
	GlobalSection(SolutionConfigurationPlatforms) = preSolution
		Debug|Any CPU = Debug|Any CPU
		Release|Any CPU = Release|Any CPU
	EndGlobalSection
	GlobalSection(ProjectConfigurationPlatforms) = postSolution
		{A29FA4FD-EBD0-4AC1-B96B-E00DD216C74D}.Debug|Any CPU.ActiveCfg = Debug|Any CPU
		{A29FA4FD-EBD0-4AC1-B96B-E00DD216C74D}.Debug|Any CPU.Build.0 = Debug|Any CPU
		{A29FA4FD-EBD0-4AC1-B96B-E00DD216C74D}.Release|Any CPU.ActiveCfg = Release|Any CPU
		{A29FA4FD-EBD0-4AC1-B96B-E00DD216C74D}.Release|Any CPU.Build.0 = Release|Any CPU
	EndGlobalSection
	GlobalSection(SolutionProperties) = preSolution
		HideSolutionNode = FALSE
	EndGlobalSection
	GlobalSection(ExtensibilityGlobals) = postSolution
		SolutionGuid = {014D9BB2-BB8A-41F0-A1D5-E5B646A8D358}
	EndGlobalSection
EndGlobal
